
Microsoft Visual Studio Solution File, Format Version 12.00
# Visual Studio Version 17
VisualStudioVersion = 17.0.31903.59
MinimumVisualStudioVersion = 10.0.40219.1
Project("{FAE04EC0-301F-11D3-BF4B-00C04F79EFBC}") = "Journey", "Journey\Journey.csproj", "{6433B790-9DC3-46E6-9F40-71DCBA3EBDE2}"
EndProject
Project("{FAE04EC0-301F-11D3-BF4B-00C04F79EFBC}") = "Journey.Tests", "Journey.Tests\Journey.Tests.csproj", "{DA4979DB-E3D1-4494-9857-69450AD3F69B}"
EndProject
Project("{FAE04EC0-301F-11D3-BF4B-00C04F79EFBC}") = "Journey.Command", "Journey.Command\Journey.Command.csproj", "{1476197D-4A59-4E97-AA6B-F2C0407D4E0C}"
EndProject
Project("{FAE04EC0-301F-11D3-BF4B-00C04F79EFBC}") = "Journey.Net", "Journey.Net\Journey.Net.csproj", "{D0D4B314-1F3E-4DAA-8A23-B463EE39A90A}"
EndProject
Project("{FAE04EC0-301F-11D3-BF4B-00C04F79EFBC}") = "Journey.Postgres", "Journey.Postgres\Journey.Postgres.csproj", "{86ACF9BA-DA9A-46FF-AAB7-D290A9211D9F}"
EndProject
Project("{FAE04EC0-301F-11D3-BF4B-00C04F79EFBC}") = "Journey.MySql", "Journey.MySql\Journey.MySql.csproj", "{228650B5-A329-4C6B-A75C-06C03BE30801}"
EndProject
Project("{FAE04EC0-301F-11D3-BF4B-00C04F79EFBC}") = "Journey.Sqlite", "Journey.Sqlite\Journey.Sqlite.csproj", "{4DF97789-30D7-485E-83D0-3485287AA078}"
EndProject
Project("{FAE04EC0-301F-11D3-BF4B-00C04F79EFBC}") = "Journey.Mssql", "Journey.Mssql\Journey.Mssql.csproj", "{5394CBD5-EDC0-4CA5-99BB-BB1C5092A23D}"
EndProject
Project("{FAE04EC0-301F-11D3-BF4B-00C04F79EFBC}") = "Journey.Cassandra", "Journey.Cassandra\Journey.Cassandra.csproj", "{AFD1D20A-F36E-40CD-A3B6-4C231C48DC2A}"
EndProject
Project("{FAE04EC0-301F-11D3-BF4B-00C04F79EFBC}") = "Journey.All", "Journey.All\Journey.All.csproj", "{C1DA7FBF-AED0-4D65-A7FB-18D19495ACCE}"
EndProject
Project("{FAE04EC0-301F-11D3-BF4B-00C04F79EFBC}") = "Journey.Command.Postgres", "Journey.Command.Postgres\Journey.Command.Postgres.csproj", "{B3D22BB3-72AC-44E0-918D-CEECB30B9C3A}"
EndProject
Project("{FAE04EC0-301F-11D3-BF4B-00C04F79EFBC}") = "Journey.Command.MySql", "Journey.Command.MySql\Journey.Command.MySql.csproj", "{2AA386CF-CC4D-4FF3-A57E-32A91BF9B191}"
EndProject
Project("{FAE04EC0-301F-11D3-BF4B-00C04F79EFBC}") = "Journey.Command.Sqlite", "Journey.Command.Sqlite\Journey.Command.Sqlite.csproj", "{39CD99A9-9D44-4A0C-A5E9-20F065D091F3}"
EndProject
Project("{FAE04EC0-301F-11D3-BF4B-00C04F79EFBC}") = "Journey.Command.Mssql", "Journey.Command.Mssql\Journey.Command.Mssql.csproj", "{132B151C-4A48-4312-BBF3-904725F9EC7B}"
EndProject
Project("{FAE04EC0-301F-11D3-BF4B-00C04F79EFBC}") = "Journey.Command.Cassandra", "Journey.Command.Cassandra\Journey.Command.Cassandra.csproj", "{53439341-B617-4956-AF88-AD44D4293625}"
EndProject
Project("{FAE04EC0-301F-11D3-BF4B-00C04F79EFBC}") = "Journey.Net.Postgres", "Journey.Net.Postgres\Journey.Net.Postgres.csproj", "{784D6A0E-B5EC-4C5A-8E88-96C1B78283E3}"
EndProject
Project("{FAE04EC0-301F-11D3-BF4B-00C04F79EFBC}") = "Journey.Net.MySql", "Journey.Net.MySql\Journey.Net.MySql.csproj", "{DE02F4BB-FDB0-4674-B2C9-95B5F4D19C3A}"
EndProject
Project("{FAE04EC0-301F-11D3-BF4B-00C04F79EFBC}") = "Journey.Net.Sqlite", "Journey.Net.Sqlite\Journey.Net.Sqlite.csproj", "{72937C4C-DB98-4CBD-95D2-F34014B30352}"
EndProject
Project("{FAE04EC0-301F-11D3-BF4B-00C04F79EFBC}") = "Journey.Net.Mssql", "Journey.Net.Mssql\Journey.Net.Mssql.csproj", "{25107A94-6C23-41EC-BF72-00022E4F052D}"
EndProject
Project("{FAE04EC0-301F-11D3-BF4B-00C04F79EFBC}") = "Journey.Net.Cassandra", "Journey.Net.Cassandra\Journey.Net.Cassandra.csproj", "{9E283193-1DEB-461C-B311-2DF12F00D8DB}"
EndProject
Global
	GlobalSection(SolutionConfigurationPlatforms) = preSolution
		Debug|Any CPU = Debug|Any CPU
		Debug|x64 = Debug|x64
		Debug|x86 = Debug|x86
		Release|Any CPU = Release|Any CPU
		Release|x64 = Release|x64
		Release|x86 = Release|x86
	EndGlobalSection
	GlobalSection(ProjectConfigurationPlatforms) = postSolution
		{6433B790-9DC3-46E6-9F40-71DCBA3EBDE2}.Debug|Any CPU.ActiveCfg = Debug|Any CPU
		{6433B790-9DC3-46E6-9F40-71DCBA3EBDE2}.Debug|Any CPU.Build.0 = Debug|Any CPU
		{6433B790-9DC3-46E6-9F40-71DCBA3EBDE2}.Debug|x64.ActiveCfg = Debug|Any CPU
		{6433B790-9DC3-46E6-9F40-71DCBA3EBDE2}.Debug|x64.Build.0 = Debug|Any CPU
		{6433B790-9DC3-46E6-9F40-71DCBA3EBDE2}.Debug|x86.ActiveCfg = Debug|Any CPU
		{6433B790-9DC3-46E6-9F40-71DCBA3EBDE2}.Debug|x86.Build.0 = Debug|Any CPU
		{6433B790-9DC3-46E6-9F40-71DCBA3EBDE2}.Release|Any CPU.ActiveCfg = Release|Any CPU
		{6433B790-9DC3-46E6-9F40-71DCBA3EBDE2}.Release|Any CPU.Build.0 = Release|Any CPU
		{6433B790-9DC3-46E6-9F40-71DCBA3EBDE2}.Release|x64.ActiveCfg = Release|Any CPU
		{6433B790-9DC3-46E6-9F40-71DCBA3EBDE2}.Release|x64.Build.0 = Release|Any CPU
		{6433B790-9DC3-46E6-9F40-71DCBA3EBDE2}.Release|x86.ActiveCfg = Release|Any CPU
		{6433B790-9DC3-46E6-9F40-71DCBA3EBDE2}.Release|x86.Build.0 = Release|Any CPU
		{DA4979DB-E3D1-4494-9857-69450AD3F69B}.Debug|Any CPU.ActiveCfg = Debug|Any CPU
		{DA4979DB-E3D1-4494-9857-69450AD3F69B}.Debug|Any CPU.Build.0 = Debug|Any CPU
		{DA4979DB-E3D1-4494-9857-69450AD3F69B}.Debug|x64.ActiveCfg = Debug|Any CPU
		{DA4979DB-E3D1-4494-9857-69450AD3F69B}.Debug|x64.Build.0 = Debug|Any CPU
		{DA4979DB-E3D1-4494-9857-69450AD3F69B}.Debug|x86.ActiveCfg = Debug|Any CPU
		{DA4979DB-E3D1-4494-9857-69450AD3F69B}.Debug|x86.Build.0 = Debug|Any CPU
		{DA4979DB-E3D1-4494-9857-69450AD3F69B}.Release|Any CPU.ActiveCfg = Release|Any CPU
		{DA4979DB-E3D1-4494-9857-69450AD3F69B}.Release|Any CPU.Build.0 = Release|Any CPU
		{DA4979DB-E3D1-4494-9857-69450AD3F69B}.Release|x64.ActiveCfg = Release|Any CPU
		{DA4979DB-E3D1-4494-9857-69450AD3F69B}.Release|x64.Build.0 = Release|Any CPU
		{DA4979DB-E3D1-4494-9857-69450AD3F69B}.Release|x86.ActiveCfg = Release|Any CPU
		{DA4979DB-E3D1-4494-9857-69450AD3F69B}.Release|x86.Build.0 = Release|Any CPU
		{1476197D-4A59-4E97-AA6B-F2C0407D4E0C}.Debug|Any CPU.ActiveCfg = Debug|Any CPU
		{1476197D-4A59-4E97-AA6B-F2C0407D4E0C}.Debug|Any CPU.Build.0 = Debug|Any CPU
		{1476197D-4A59-4E97-AA6B-F2C0407D4E0C}.Debug|x64.ActiveCfg = Debug|Any CPU
		{1476197D-4A59-4E97-AA6B-F2C0407D4E0C}.Debug|x64.Build.0 = Debug|Any CPU
		{1476197D-4A59-4E97-AA6B-F2C0407D4E0C}.Debug|x86.ActiveCfg = Debug|Any CPU
		{1476197D-4A59-4E97-AA6B-F2C0407D4E0C}.Debug|x86.Build.0 = Debug|Any CPU
		{1476197D-4A59-4E97-AA6B-F2C0407D4E0C}.Release|Any CPU.ActiveCfg = Release|Any CPU
		{1476197D-4A59-4E97-AA6B-F2C0407D4E0C}.Release|Any CPU.Build.0 = Release|Any CPU
		{1476197D-4A59-4E97-AA6B-F2C0407D4E0C}.Release|x64.ActiveCfg = Release|Any CPU
		{1476197D-4A59-4E97-AA6B-F2C0407D4E0C}.Release|x64.Build.0 = Release|Any CPU
		{1476197D-4A59-4E97-AA6B-F2C0407D4E0C}.Release|x86.ActiveCfg = Release|Any CPU
		{1476197D-4A59-4E97-AA6B-F2C0407D4E0C}.Release|x86.Build.0 = Release|Any CPU
		{D0D4B314-1F3E-4DAA-8A23-B463EE39A90A}.Debug|Any CPU.ActiveCfg = Debug|Any CPU
		{D0D4B314-1F3E-4DAA-8A23-B463EE39A90A}.Debug|Any CPU.Build.0 = Debug|Any CPU
		{D0D4B314-1F3E-4DAA-8A23-B463EE39A90A}.Debug|x64.ActiveCfg = Debug|Any CPU
		{D0D4B314-1F3E-4DAA-8A23-B463EE39A90A}.Debug|x64.Build.0 = Debug|Any CPU
		{D0D4B314-1F3E-4DAA-8A23-B463EE39A90A}.Debug|x86.ActiveCfg = Debug|Any CPU
		{D0D4B314-1F3E-4DAA-8A23-B463EE39A90A}.Debug|x86.Build.0 = Debug|Any CPU
		{D0D4B314-1F3E-4DAA-8A23-B463EE39A90A}.Release|Any CPU.ActiveCfg = Release|Any CPU
		{D0D4B314-1F3E-4DAA-8A23-B463EE39A90A}.Release|Any CPU.Build.0 = Release|Any CPU
		{D0D4B314-1F3E-4DAA-8A23-B463EE39A90A}.Release|x64.ActiveCfg = Release|Any CPU
		{D0D4B314-1F3E-4DAA-8A23-B463EE39A90A}.Release|x64.Build.0 = Release|Any CPU
		{D0D4B314-1F3E-4DAA-8A23-B463EE39A90A}.Release|x86.ActiveCfg = Release|Any CPU
		{D0D4B314-1F3E-4DAA-8A23-B463EE39A90A}.Release|x86.Build.0 = Release|Any CPU
		{86ACF9BA-DA9A-46FF-AAB7-D290A9211D9F}.Debug|Any CPU.ActiveCfg = Debug|Any CPU
		{86ACF9BA-DA9A-46FF-AAB7-D290A9211D9F}.Debug|Any CPU.Build.0 = Debug|Any CPU
		{86ACF9BA-DA9A-46FF-AAB7-D290A9211D9F}.Debug|x64.ActiveCfg = Debug|Any CPU
		{86ACF9BA-DA9A-46FF-AAB7-D290A9211D9F}.Debug|x64.Build.0 = Debug|Any CPU
		{86ACF9BA-DA9A-46FF-AAB7-D290A9211D9F}.Debug|x86.ActiveCfg = Debug|Any CPU
		{86ACF9BA-DA9A-46FF-AAB7-D290A9211D9F}.Debug|x86.Build.0 = Debug|Any CPU
		{86ACF9BA-DA9A-46FF-AAB7-D290A9211D9F}.Release|Any CPU.ActiveCfg = Release|Any CPU
		{86ACF9BA-DA9A-46FF-AAB7-D290A9211D9F}.Release|Any CPU.Build.0 = Release|Any CPU
		{86ACF9BA-DA9A-46FF-AAB7-D290A9211D9F}.Release|x64.ActiveCfg = Release|Any CPU
		{86ACF9BA-DA9A-46FF-AAB7-D290A9211D9F}.Release|x64.Build.0 = Release|Any CPU
		{86ACF9BA-DA9A-46FF-AAB7-D290A9211D9F}.Release|x86.ActiveCfg = Release|Any CPU
		{86ACF9BA-DA9A-46FF-AAB7-D290A9211D9F}.Release|x86.Build.0 = Release|Any CPU
		{228650B5-A329-4C6B-A75C-06C03BE30801}.Debug|Any CPU.ActiveCfg = Debug|Any CPU
		{228650B5-A329-4C6B-A75C-06C03BE30801}.Debug|Any CPU.Build.0 = Debug|Any CPU
		{228650B5-A329-4C6B-A75C-06C03BE30801}.Debug|x64.ActiveCfg = Debug|Any CPU
		{228650B5-A329-4C6B-A75C-06C03BE30801}.Debug|x64.Build.0 = Debug|Any CPU
		{228650B5-A329-4C6B-A75C-06C03BE30801}.Debug|x86.ActiveCfg = Debug|Any CPU
		{228650B5-A329-4C6B-A75C-06C03BE30801}.Debug|x86.Build.0 = Debug|Any CPU
		{228650B5-A329-4C6B-A75C-06C03BE30801}.Release|Any CPU.ActiveCfg = Release|Any CPU
		{228650B5-A329-4C6B-A75C-06C03BE30801}.Release|Any CPU.Build.0 = Release|Any CPU
		{228650B5-A329-4C6B-A75C-06C03BE30801}.Release|x64.ActiveCfg = Release|Any CPU
		{228650B5-A329-4C6B-A75C-06C03BE30801}.Release|x64.Build.0 = Release|Any CPU
		{228650B5-A329-4C6B-A75C-06C03BE30801}.Release|x86.ActiveCfg = Release|Any CPU
		{228650B5-A329-4C6B-A75C-06C03BE30801}.Release|x86.Build.0 = Release|Any CPU
		{4DF97789-30D7-485E-83D0-3485287AA078}.Debug|Any CPU.ActiveCfg = Debug|Any CPU
		{4DF97789-30D7-485E-83D0-3485287AA078}.Debug|Any CPU.Build.0 = Debug|Any CPU
		{4DF97789-30D7-485E-83D0-3485287AA078}.Debug|x64.ActiveCfg = Debug|Any CPU
		{4DF97789-30D7-485E-83D0-3485287AA078}.Debug|x64.Build.0 = Debug|Any CPU
		{4DF97789-30D7-485E-83D0-3485287AA078}.Debug|x86.ActiveCfg = Debug|Any CPU
		{4DF97789-30D7-485E-83D0-3485287AA078}.Debug|x86.Build.0 = Debug|Any CPU
		{4DF97789-30D7-485E-83D0-3485287AA078}.Release|Any CPU.ActiveCfg = Release|Any CPU
		{4DF97789-30D7-485E-83D0-3485287AA078}.Release|Any CPU.Build.0 = Release|Any CPU
		{4DF97789-30D7-485E-83D0-3485287AA078}.Release|x64.ActiveCfg = Release|Any CPU
		{4DF97789-30D7-485E-83D0-3485287AA078}.Release|x64.Build.0 = Release|Any CPU
		{4DF97789-30D7-485E-83D0-3485287AA078}.Release|x86.ActiveCfg = Release|Any CPU
		{4DF97789-30D7-485E-83D0-3485287AA078}.Release|x86.Build.0 = Release|Any CPU
		{5394CBD5-EDC0-4CA5-99BB-BB1C5092A23D}.Debug|Any CPU.ActiveCfg = Debug|Any CPU
		{5394CBD5-EDC0-4CA5-99BB-BB1C5092A23D}.Debug|Any CPU.Build.0 = Debug|Any CPU
		{5394CBD5-EDC0-4CA5-99BB-BB1C5092A23D}.Debug|x64.ActiveCfg = Debug|Any CPU
		{5394CBD5-EDC0-4CA5-99BB-BB1C5092A23D}.Debug|x64.Build.0 = Debug|Any CPU
		{5394CBD5-EDC0-4CA5-99BB-BB1C5092A23D}.Debug|x86.ActiveCfg = Debug|Any CPU
		{5394CBD5-EDC0-4CA5-99BB-BB1C5092A23D}.Debug|x86.Build.0 = Debug|Any CPU
		{5394CBD5-EDC0-4CA5-99BB-BB1C5092A23D}.Release|Any CPU.ActiveCfg = Release|Any CPU
		{5394CBD5-EDC0-4CA5-99BB-BB1C5092A23D}.Release|Any CPU.Build.0 = Release|Any CPU
		{5394CBD5-EDC0-4CA5-99BB-BB1C5092A23D}.Release|x64.ActiveCfg = Release|Any CPU
		{5394CBD5-EDC0-4CA5-99BB-BB1C5092A23D}.Release|x64.Build.0 = Release|Any CPU
		{5394CBD5-EDC0-4CA5-99BB-BB1C5092A23D}.Release|x86.ActiveCfg = Release|Any CPU
		{5394CBD5-EDC0-4CA5-99BB-BB1C5092A23D}.Release|x86.Build.0 = Release|Any CPU
		{AFD1D20A-F36E-40CD-A3B6-4C231C48DC2A}.Debug|Any CPU.ActiveCfg = Debug|Any CPU
		{AFD1D20A-F36E-40CD-A3B6-4C231C48DC2A}.Debug|Any CPU.Build.0 = Debug|Any CPU
		{AFD1D20A-F36E-40CD-A3B6-4C231C48DC2A}.Debug|x64.ActiveCfg = Debug|Any CPU
		{AFD1D20A-F36E-40CD-A3B6-4C231C48DC2A}.Debug|x64.Build.0 = Debug|Any CPU
		{AFD1D20A-F36E-40CD-A3B6-4C231C48DC2A}.Debug|x86.ActiveCfg = Debug|Any CPU
		{AFD1D20A-F36E-40CD-A3B6-4C231C48DC2A}.Debug|x86.Build.0 = Debug|Any CPU
		{AFD1D20A-F36E-40CD-A3B6-4C231C48DC2A}.Release|Any CPU.ActiveCfg = Release|Any CPU
		{AFD1D20A-F36E-40CD-A3B6-4C231C48DC2A}.Release|Any CPU.Build.0 = Release|Any CPU
		{AFD1D20A-F36E-40CD-A3B6-4C231C48DC2A}.Release|x64.ActiveCfg = Release|Any CPU
		{AFD1D20A-F36E-40CD-A3B6-4C231C48DC2A}.Release|x64.Build.0 = Release|Any CPU
		{AFD1D20A-F36E-40CD-A3B6-4C231C48DC2A}.Release|x86.ActiveCfg = Release|Any CPU
		{AFD1D20A-F36E-40CD-A3B6-4C231C48DC2A}.Release|x86.Build.0 = Release|Any CPU
		{C1DA7FBF-AED0-4D65-A7FB-18D19495ACCE}.Debug|Any CPU.ActiveCfg = Debug|Any CPU
		{C1DA7FBF-AED0-4D65-A7FB-18D19495ACCE}.Debug|Any CPU.Build.0 = Debug|Any CPU
		{C1DA7FBF-AED0-4D65-A7FB-18D19495ACCE}.Debug|x64.ActiveCfg = Debug|Any CPU
		{C1DA7FBF-AED0-4D65-A7FB-18D19495ACCE}.Debug|x64.Build.0 = Debug|Any CPU
		{C1DA7FBF-AED0-4D65-A7FB-18D19495ACCE}.Debug|x86.ActiveCfg = Debug|Any CPU
		{C1DA7FBF-AED0-4D65-A7FB-18D19495ACCE}.Debug|x86.Build.0 = Debug|Any CPU
		{C1DA7FBF-AED0-4D65-A7FB-18D19495ACCE}.Release|Any CPU.ActiveCfg = Release|Any CPU
		{C1DA7FBF-AED0-4D65-A7FB-18D19495ACCE}.Release|Any CPU.Build.0 = Release|Any CPU
		{C1DA7FBF-AED0-4D65-A7FB-18D19495ACCE}.Release|x64.ActiveCfg = Release|Any CPU
		{C1DA7FBF-AED0-4D65-A7FB-18D19495ACCE}.Release|x64.Build.0 = Release|Any CPU
		{C1DA7FBF-AED0-4D65-A7FB-18D19495ACCE}.Release|x86.ActiveCfg = Release|Any CPU
		{C1DA7FBF-AED0-4D65-A7FB-18D19495ACCE}.Release|x86.Build.0 = Release|Any CPU
		{B3D22BB3-72AC-44E0-918D-CEECB30B9C3A}.Debug|Any CPU.ActiveCfg = Debug|Any CPU
		{B3D22BB3-72AC-44E0-918D-CEECB30B9C3A}.Debug|Any CPU.Build.0 = Debug|Any CPU
		{B3D22BB3-72AC-44E0-918D-CEECB30B9C3A}.Debug|x64.ActiveCfg = Debug|Any CPU
		{B3D22BB3-72AC-44E0-918D-CEECB30B9C3A}.Debug|x64.Build.0 = Debug|Any CPU
		{B3D22BB3-72AC-44E0-918D-CEECB30B9C3A}.Debug|x86.ActiveCfg = Debug|Any CPU
		{B3D22BB3-72AC-44E0-918D-CEECB30B9C3A}.Debug|x86.Build.0 = Debug|Any CPU
		{B3D22BB3-72AC-44E0-918D-CEECB30B9C3A}.Release|Any CPU.ActiveCfg = Release|Any CPU
		{B3D22BB3-72AC-44E0-918D-CEECB30B9C3A}.Release|Any CPU.Build.0 = Release|Any CPU
		{B3D22BB3-72AC-44E0-918D-CEECB30B9C3A}.Release|x64.ActiveCfg = Release|Any CPU
		{B3D22BB3-72AC-44E0-918D-CEECB30B9C3A}.Release|x64.Build.0 = Release|Any CPU
		{B3D22BB3-72AC-44E0-918D-CEECB30B9C3A}.Release|x86.ActiveCfg = Release|Any CPU
		{B3D22BB3-72AC-44E0-918D-CEECB30B9C3A}.Release|x86.Build.0 = Release|Any CPU
		{2AA386CF-CC4D-4FF3-A57E-32A91BF9B191}.Debug|Any CPU.ActiveCfg = Debug|Any CPU
		{2AA386CF-CC4D-4FF3-A57E-32A91BF9B191}.Debug|Any CPU.Build.0 = Debug|Any CPU
		{2AA386CF-CC4D-4FF3-A57E-32A91BF9B191}.Debug|x64.ActiveCfg = Debug|Any CPU
		{2AA386CF-CC4D-4FF3-A57E-32A91BF9B191}.Debug|x64.Build.0 = Debug|Any CPU
		{2AA386CF-CC4D-4FF3-A57E-32A91BF9B191}.Debug|x86.ActiveCfg = Debug|Any CPU
		{2AA386CF-CC4D-4FF3-A57E-32A91BF9B191}.Debug|x86.Build.0 = Debug|Any CPU
		{2AA386CF-CC4D-4FF3-A57E-32A91BF9B191}.Release|Any CPU.ActiveCfg = Release|Any CPU
		{2AA386CF-CC4D-4FF3-A57E-32A91BF9B191}.Release|Any CPU.Build.0 = Release|Any CPU
		{2AA386CF-CC4D-4FF3-A57E-32A91BF9B191}.Release|x64.ActiveCfg = Release|Any CPU
		{2AA386CF-CC4D-4FF3-A57E-32A91BF9B191}.Release|x64.Build.0 = Release|Any CPU
		{2AA386CF-CC4D-4FF3-A57E-32A91BF9B191}.Release|x86.ActiveCfg = Release|Any CPU
		{2AA386CF-CC4D-4FF3-A57E-32A91BF9B191}.Release|x86.Build.0 = Release|Any CPU
		{39CD99A9-9D44-4A0C-A5E9-20F065D091F3}.Debug|Any CPU.ActiveCfg = Debug|Any CPU
		{39CD99A9-9D44-4A0C-A5E9-20F065D091F3}.Debug|Any CPU.Build.0 = Debug|Any CPU
		{39CD99A9-9D44-4A0C-A5E9-20F065D091F3}.Debug|x64.ActiveCfg = Debug|Any CPU
		{39CD99A9-9D44-4A0C-A5E9-20F065D091F3}.Debug|x64.Build.0 = Debug|Any CPU
		{39CD99A9-9D44-4A0C-A5E9-20F065D091F3}.Debug|x86.ActiveCfg = Debug|Any CPU
		{39CD99A9-9D44-4A0C-A5E9-20F065D091F3}.Debug|x86.Build.0 = Debug|Any CPU
		{39CD99A9-9D44-4A0C-A5E9-20F065D091F3}.Release|Any CPU.ActiveCfg = Release|Any CPU
		{39CD99A9-9D44-4A0C-A5E9-20F065D091F3}.Release|Any CPU.Build.0 = Release|Any CPU
		{39CD99A9-9D44-4A0C-A5E9-20F065D091F3}.Release|x64.ActiveCfg = Release|Any CPU
		{39CD99A9-9D44-4A0C-A5E9-20F065D091F3}.Release|x64.Build.0 = Release|Any CPU
		{39CD99A9-9D44-4A0C-A5E9-20F065D091F3}.Release|x86.ActiveCfg = Release|Any CPU
		{39CD99A9-9D44-4A0C-A5E9-20F065D091F3}.Release|x86.Build.0 = Release|Any CPU
		{132B151C-4A48-4312-BBF3-904725F9EC7B}.Debug|Any CPU.ActiveCfg = Debug|Any CPU
		{132B151C-4A48-4312-BBF3-904725F9EC7B}.Debug|Any CPU.Build.0 = Debug|Any CPU
		{132B151C-4A48-4312-BBF3-904725F9EC7B}.Debug|x64.ActiveCfg = Debug|Any CPU
		{132B151C-4A48-4312-BBF3-904725F9EC7B}.Debug|x64.Build.0 = Debug|Any CPU
		{132B151C-4A48-4312-BBF3-904725F9EC7B}.Debug|x86.ActiveCfg = Debug|Any CPU
		{132B151C-4A48-4312-BBF3-904725F9EC7B}.Debug|x86.Build.0 = Debug|Any CPU
		{132B151C-4A48-4312-BBF3-904725F9EC7B}.Release|Any CPU.ActiveCfg = Release|Any CPU
		{132B151C-4A48-4312-BBF3-904725F9EC7B}.Release|Any CPU.Build.0 = Release|Any CPU
		{132B151C-4A48-4312-BBF3-904725F9EC7B}.Release|x64.ActiveCfg = Release|Any CPU
		{132B151C-4A48-4312-BBF3-904725F9EC7B}.Release|x64.Build.0 = Release|Any CPU
		{132B151C-4A48-4312-BBF3-904725F9EC7B}.Release|x86.ActiveCfg = Release|Any CPU
		{132B151C-4A48-4312-BBF3-904725F9EC7B}.Release|x86.Build.0 = Release|Any CPU
		{53439341-B617-4956-AF88-AD44D4293625}.Debug|Any CPU.ActiveCfg = Debug|Any CPU
		{53439341-B617-4956-AF88-AD44D4293625}.Debug|Any CPU.Build.0 = Debug|Any CPU
		{53439341-B617-4956-AF88-AD44D4293625}.Debug|x64.ActiveCfg = Debug|Any CPU
		{53439341-B617-4956-AF88-AD44D4293625}.Debug|x64.Build.0 = Debug|Any CPU
		{53439341-B617-4956-AF88-AD44D4293625}.Debug|x86.ActiveCfg = Debug|Any CPU
		{53439341-B617-4956-AF88-AD44D4293625}.Debug|x86.Build.0 = Debug|Any CPU
		{53439341-B617-4956-AF88-AD44D4293625}.Release|Any CPU.ActiveCfg = Release|Any CPU
		{53439341-B617-4956-AF88-AD44D4293625}.Release|Any CPU.Build.0 = Release|Any CPU
		{53439341-B617-4956-AF88-AD44D4293625}.Release|x64.ActiveCfg = Release|Any CPU
		{53439341-B617-4956-AF88-AD44D4293625}.Release|x64.Build.0 = Release|Any CPU
		{53439341-B617-4956-AF88-AD44D4293625}.Release|x86.ActiveCfg = Release|Any CPU
		{53439341-B617-4956-AF88-AD44D4293625}.Release|x86.Build.0 = Release|Any CPU
		{784D6A0E-B5EC-4C5A-8E88-96C1B78283E3}.Debug|Any CPU.ActiveCfg = Debug|Any CPU
		{784D6A0E-B5EC-4C5A-8E88-96C1B78283E3}.Debug|Any CPU.Build.0 = Debug|Any CPU
		{784D6A0E-B5EC-4C5A-8E88-96C1B78283E3}.Debug|x64.ActiveCfg = Debug|Any CPU
		{784D6A0E-B5EC-4C5A-8E88-96C1B78283E3}.Debug|x64.Build.0 = Debug|Any CPU
		{784D6A0E-B5EC-4C5A-8E88-96C1B78283E3}.Debug|x86.ActiveCfg = Debug|Any CPU
		{784D6A0E-B5EC-4C5A-8E88-96C1B78283E3}.Debug|x86.Build.0 = Debug|Any CPU
		{784D6A0E-B5EC-4C5A-8E88-96C1B78283E3}.Release|Any CPU.ActiveCfg = Release|Any CPU
		{784D6A0E-B5EC-4C5A-8E88-96C1B78283E3}.Release|Any CPU.Build.0 = Release|Any CPU
		{784D6A0E-B5EC-4C5A-8E88-96C1B78283E3}.Release|x64.ActiveCfg = Release|Any CPU
		{784D6A0E-B5EC-4C5A-8E88-96C1B78283E3}.Release|x64.Build.0 = Release|Any CPU
		{784D6A0E-B5EC-4C5A-8E88-96C1B78283E3}.Release|x86.ActiveCfg = Release|Any CPU
		{784D6A0E-B5EC-4C5A-8E88-96C1B78283E3}.Release|x86.Build.0 = Release|Any CPU
		{DE02F4BB-FDB0-4674-B2C9-95B5F4D19C3A}.Debug|Any CPU.ActiveCfg = Debug|Any CPU
		{DE02F4BB-FDB0-4674-B2C9-95B5F4D19C3A}.Debug|Any CPU.Build.0 = Debug|Any CPU
		{DE02F4BB-FDB0-4674-B2C9-95B5F4D19C3A}.Debug|x64.ActiveCfg = Debug|Any CPU
		{DE02F4BB-FDB0-4674-B2C9-95B5F4D19C3A}.Debug|x64.Build.0 = Debug|Any CPU
		{DE02F4BB-FDB0-4674-B2C9-95B5F4D19C3A}.Debug|x86.ActiveCfg = Debug|Any CPU
		{DE02F4BB-FDB0-4674-B2C9-95B5F4D19C3A}.Debug|x86.Build.0 = Debug|Any CPU
		{DE02F4BB-FDB0-4674-B2C9-95B5F4D19C3A}.Release|Any CPU.ActiveCfg = Release|Any CPU
		{DE02F4BB-FDB0-4674-B2C9-95B5F4D19C3A}.Release|Any CPU.Build.0 = Release|Any CPU
		{DE02F4BB-FDB0-4674-B2C9-95B5F4D19C3A}.Release|x64.ActiveCfg = Release|Any CPU
		{DE02F4BB-FDB0-4674-B2C9-95B5F4D19C3A}.Release|x64.Build.0 = Release|Any CPU
		{DE02F4BB-FDB0-4674-B2C9-95B5F4D19C3A}.Release|x86.ActiveCfg = Release|Any CPU
		{DE02F4BB-FDB0-4674-B2C9-95B5F4D19C3A}.Release|x86.Build.0 = Release|Any CPU
		{72937C4C-DB98-4CBD-95D2-F34014B30352}.Debug|Any CPU.ActiveCfg = Debug|Any CPU
		{72937C4C-DB98-4CBD-95D2-F34014B30352}.Debug|Any CPU.Build.0 = Debug|Any CPU
		{72937C4C-DB98-4CBD-95D2-F34014B30352}.Debug|x64.ActiveCfg = Debug|Any CPU
		{72937C4C-DB98-4CBD-95D2-F34014B30352}.Debug|x64.Build.0 = Debug|Any CPU
		{72937C4C-DB98-4CBD-95D2-F34014B30352}.Debug|x86.ActiveCfg = Debug|Any CPU
		{72937C4C-DB98-4CBD-95D2-F34014B30352}.Debug|x86.Build.0 = Debug|Any CPU
		{72937C4C-DB98-4CBD-95D2-F34014B30352}.Release|Any CPU.ActiveCfg = Release|Any CPU
		{72937C4C-DB98-4CBD-95D2-F34014B30352}.Release|Any CPU.Build.0 = Release|Any CPU
		{72937C4C-DB98-4CBD-95D2-F34014B30352}.Release|x64.ActiveCfg = Release|Any CPU
		{72937C4C-DB98-4CBD-95D2-F34014B30352}.Release|x64.Build.0 = Release|Any CPU
		{72937C4C-DB98-4CBD-95D2-F34014B30352}.Release|x86.ActiveCfg = Release|Any CPU
		{72937C4C-DB98-4CBD-95D2-F34014B30352}.Release|x86.Build.0 = Release|Any CPU
		{25107A94-6C23-41EC-BF72-00022E4F052D}.Debug|Any CPU.ActiveCfg = Debug|Any CPU
		{25107A94-6C23-41EC-BF72-00022E4F052D}.Debug|Any CPU.Build.0 = Debug|Any CPU
		{25107A94-6C23-41EC-BF72-00022E4F052D}.Debug|x64.ActiveCfg = Debug|Any CPU
		{25107A94-6C23-41EC-BF72-00022E4F052D}.Debug|x64.Build.0 = Debug|Any CPU
		{25107A94-6C23-41EC-BF72-00022E4F052D}.Debug|x86.ActiveCfg = Debug|Any CPU
		{25107A94-6C23-41EC-BF72-00022E4F052D}.Debug|x86.Build.0 = Debug|Any CPU
		{25107A94-6C23-41EC-BF72-00022E4F052D}.Release|Any CPU.ActiveCfg = Release|Any CPU
		{25107A94-6C23-41EC-BF72-00022E4F052D}.Release|Any CPU.Build.0 = Release|Any CPU
		{25107A94-6C23-41EC-BF72-00022E4F052D}.Release|x64.ActiveCfg = Release|Any CPU
		{25107A94-6C23-41EC-BF72-00022E4F052D}.Release|x64.Build.0 = Release|Any CPU
		{25107A94-6C23-41EC-BF72-00022E4F052D}.Release|x86.ActiveCfg = Release|Any CPU
		{25107A94-6C23-41EC-BF72-00022E4F052D}.Release|x86.Build.0 = Release|Any CPU
		{9E283193-1DEB-461C-B311-2DF12F00D8DB}.Debug|Any CPU.ActiveCfg = Debug|Any CPU
		{9E283193-1DEB-461C-B311-2DF12F00D8DB}.Debug|Any CPU.Build.0 = Debug|Any CPU
		{9E283193-1DEB-461C-B311-2DF12F00D8DB}.Debug|x64.ActiveCfg = Debug|Any CPU
		{9E283193-1DEB-461C-B311-2DF12F00D8DB}.Debug|x64.Build.0 = Debug|Any CPU
		{9E283193-1DEB-461C-B311-2DF12F00D8DB}.Debug|x86.ActiveCfg = Debug|Any CPU
		{9E283193-1DEB-461C-B311-2DF12F00D8DB}.Debug|x86.Build.0 = Debug|Any CPU
		{9E283193-1DEB-461C-B311-2DF12F00D8DB}.Release|Any CPU.ActiveCfg = Release|Any CPU
		{9E283193-1DEB-461C-B311-2DF12F00D8DB}.Release|Any CPU.Build.0 = Release|Any CPU
		{9E283193-1DEB-461C-B311-2DF12F00D8DB}.Release|x64.ActiveCfg = Release|Any CPU
		{9E283193-1DEB-461C-B311-2DF12F00D8DB}.Release|x64.Build.0 = Release|Any CPU
		{9E283193-1DEB-461C-B311-2DF12F00D8DB}.Release|x86.ActiveCfg = Release|Any CPU
		{9E283193-1DEB-461C-B311-2DF12F00D8DB}.Release|x86.Build.0 = Release|Any CPU
	EndGlobalSection
	GlobalSection(SolutionProperties) = preSolution
		HideSolutionNode = FALSE
	EndGlobalSection
EndGlobal
