
Microsoft Visual Studio Solution File, Format Version 12.00
# Visual Studio Version 17
VisualStudioVersion = 17.0.31903.59
MinimumVisualStudioVersion = 10.0.40219.1
Project("{FAE04EC0-301F-11D3-BF4B-00C04F79EFBC}") = "Journey", "Journey\Journey.csproj", "{6433B790-9DC3-46E6-9F40-71DCBA3EBDE2}"
EndProject
Project("{FAE04EC0-301F-11D3-BF4B-00C04F79EFBC}") = "Journey.Tests", "Journey.Tests\Journey.Tests.csproj", "{DA4979DB-E3D1-4494-9857-69450AD3F69B}"
EndProject
Project("{FAE04EC0-301F-11D3-BF4B-00C04F79EFBC}") = "Journey.Command", "Journey.Command\Journey.Command.csproj", "{1476197D-4A59-4E97-AA6B-F2C0407D4E0C}"
EndProject
Project("{FAE04EC0-301F-11D3-BF4B-00C04F79EFBC}") = "Journey.Net", "Journey.Net\Journey.Net.csproj", "{D0D4B314-1F3E-4DAA-8A23-B463EE39A90A}"
EndProject
Global
	GlobalSection(SolutionConfigurationPlatforms) = preSolution
		Debug|Any CPU = Debug|Any CPU
		Debug|x64 = Debug|x64
		Debug|x86 = Debug|x86
		Release|Any CPU = Release|Any CPU
		Release|x64 = Release|x64
		Release|x86 = Release|x86
	EndGlobalSection
	GlobalSection(ProjectConfigurationPlatforms) = postSolution
		{6433B790-9DC3-46E6-9F40-71DCBA3EBDE2}.Debug|Any CPU.ActiveCfg = Debug|Any CPU
		{6433B790-9DC3-46E6-9F40-71DCBA3EBDE2}.Debug|Any CPU.Build.0 = Debug|Any CPU
		{6433B790-9DC3-46E6-9F40-71DCBA3EBDE2}.Debug|x64.ActiveCfg = Debug|Any CPU
		{6433B790-9DC3-46E6-9F40-71DCBA3EBDE2}.Debug|x64.Build.0 = Debug|Any CPU
		{6433B790-9DC3-46E6-9F40-71DCBA3EBDE2}.Debug|x86.ActiveCfg = Debug|Any CPU
		{6433B790-9DC3-46E6-9F40-71DCBA3EBDE2}.Debug|x86.Build.0 = Debug|Any CPU
		{6433B790-9DC3-46E6-9F40-71DCBA3EBDE2}.Release|Any CPU.ActiveCfg = Release|Any CPU
		{6433B790-9DC3-46E6-9F40-71DCBA3EBDE2}.Release|Any CPU.Build.0 = Release|Any CPU
		{6433B790-9DC3-46E6-9F40-71DCBA3EBDE2}.Release|x64.ActiveCfg = Release|Any CPU
		{6433B790-9DC3-46E6-9F40-71DCBA3EBDE2}.Release|x64.Build.0 = Release|Any CPU
		{6433B790-9DC3-46E6-9F40-71DCBA3EBDE2}.Release|x86.ActiveCfg = Release|Any CPU
		{6433B790-9DC3-46E6-9F40-71DCBA3EBDE2}.Release|x86.Build.0 = Release|Any CPU
		{DA4979DB-E3D1-4494-9857-69450AD3F69B}.Debug|Any CPU.ActiveCfg = Debug|Any CPU
		{DA4979DB-E3D1-4494-9857-69450AD3F69B}.Debug|Any CPU.Build.0 = Debug|Any CPU
		{DA4979DB-E3D1-4494-9857-69450AD3F69B}.Debug|x64.ActiveCfg = Debug|Any CPU
		{DA4979DB-E3D1-4494-9857-69450AD3F69B}.Debug|x64.Build.0 = Debug|Any CPU
		{DA4979DB-E3D1-4494-9857-69450AD3F69B}.Debug|x86.ActiveCfg = Debug|Any CPU
		{DA4979DB-E3D1-4494-9857-69450AD3F69B}.Debug|x86.Build.0 = Debug|Any CPU
		{DA4979DB-E3D1-4494-9857-69450AD3F69B}.Release|Any CPU.ActiveCfg = Release|Any CPU
		{DA4979DB-E3D1-4494-9857-69450AD3F69B}.Release|Any CPU.Build.0 = Release|Any CPU
		{DA4979DB-E3D1-4494-9857-69450AD3F69B}.Release|x64.ActiveCfg = Release|Any CPU
		{DA4979DB-E3D1-4494-9857-69450AD3F69B}.Release|x64.Build.0 = Release|Any CPU
		{DA4979DB-E3D1-4494-9857-69450AD3F69B}.Release|x86.ActiveCfg = Release|Any CPU
		{DA4979DB-E3D1-4494-9857-69450AD3F69B}.Release|x86.Build.0 = Release|Any CPU
		{1476197D-4A59-4E97-AA6B-F2C0407D4E0C}.Debug|Any CPU.ActiveCfg = Debug|Any CPU
		{1476197D-4A59-4E97-AA6B-F2C0407D4E0C}.Debug|Any CPU.Build.0 = Debug|Any CPU
		{1476197D-4A59-4E97-AA6B-F2C0407D4E0C}.Debug|x64.ActiveCfg = Debug|Any CPU
		{1476197D-4A59-4E97-AA6B-F2C0407D4E0C}.Debug|x64.Build.0 = Debug|Any CPU
		{1476197D-4A59-4E97-AA6B-F2C0407D4E0C}.Debug|x86.ActiveCfg = Debug|Any CPU
		{1476197D-4A59-4E97-AA6B-F2C0407D4E0C}.Debug|x86.Build.0 = Debug|Any CPU
		{1476197D-4A59-4E97-AA6B-F2C0407D4E0C}.Release|Any CPU.ActiveCfg = Release|Any CPU
		{1476197D-4A59-4E97-AA6B-F2C0407D4E0C}.Release|Any CPU.Build.0 = Release|Any CPU
		{1476197D-4A59-4E97-AA6B-F2C0407D4E0C}.Release|x64.ActiveCfg = Release|Any CPU
		{1476197D-4A59-4E97-AA6B-F2C0407D4E0C}.Release|x64.Build.0 = Release|Any CPU
		{1476197D-4A59-4E97-AA6B-F2C0407D4E0C}.Release|x86.ActiveCfg = Release|Any CPU
		{1476197D-4A59-4E97-AA6B-F2C0407D4E0C}.Release|x86.Build.0 = Release|Any CPU
		{D0D4B314-1F3E-4DAA-8A23-B463EE39A90A}.Debug|Any CPU.ActiveCfg = Debug|Any CPU
		{D0D4B314-1F3E-4DAA-8A23-B463EE39A90A}.Debug|Any CPU.Build.0 = Debug|Any CPU
		{D0D4B314-1F3E-4DAA-8A23-B463EE39A90A}.Debug|x64.ActiveCfg = Debug|Any CPU
		{D0D4B314-1F3E-4DAA-8A23-B463EE39A90A}.Debug|x64.Build.0 = Debug|Any CPU
		{D0D4B314-1F3E-4DAA-8A23-B463EE39A90A}.Debug|x86.ActiveCfg = Debug|Any CPU
		{D0D4B314-1F3E-4DAA-8A23-B463EE39A90A}.Debug|x86.Build.0 = Debug|Any CPU
		{D0D4B314-1F3E-4DAA-8A23-B463EE39A90A}.Release|Any CPU.ActiveCfg = Release|Any CPU
		{D0D4B314-1F3E-4DAA-8A23-B463EE39A90A}.Release|Any CPU.Build.0 = Release|Any CPU
		{D0D4B314-1F3E-4DAA-8A23-B463EE39A90A}.Release|x64.ActiveCfg = Release|Any CPU
		{D0D4B314-1F3E-4DAA-8A23-B463EE39A90A}.Release|x64.Build.0 = Release|Any CPU
		{D0D4B314-1F3E-4DAA-8A23-B463EE39A90A}.Release|x86.ActiveCfg = Release|Any CPU
		{D0D4B314-1F3E-4DAA-8A23-B463EE39A90A}.Release|x86.Build.0 = Release|Any CPU
	EndGlobalSection
	GlobalSection(SolutionProperties) = preSolution
		HideSolutionNode = FALSE
	EndGlobalSection
EndGlobal
